// !$*UTF8*$!
{
	archiveVersion = 1;
	classes = {
	};
	objectVersion = 46;
	objects = {

/* Begin PBXBuildFile section */
		9A501AC617B0867C0063FF9D /* SwitchButtonTouchAction.m in Sources */ = {isa = PBXBuildFile; fileRef = 9A501AC517B0867C0063FF9D /* SwitchButtonTouchAction.m */; };
		9A501AD117B095550063FF9D /* stop.png in Resources */ = {isa = PBXBuildFile; fileRef = 9A501ACF17B095550063FF9D /* stop.png */; };
		9A501AD217B095550063FF9D /* stop1.png in Resources */ = {isa = PBXBuildFile; fileRef = 9A501AD017B095550063FF9D /* stop1.png */; };
		9A501AD617B095E70063FF9D /* LayoutMainController.m in Sources */ = {isa = PBXBuildFile; fileRef = 9A501AD517B095E70063FF9D /* LayoutMainController.m */; };
		9A501ADA17B0E2370063FF9D /* TranslateRecognizeResult.m in Sources */ = {isa = PBXBuildFile; fileRef = 9A501AD917B0E2370063FF9D /* TranslateRecognizeResult.m */; };
		9A501ADE17B0F0380063FF9D /* DataProcessing.m in Sources */ = {isa = PBXBuildFile; fileRef = 9A501ADD17B0F0380063FF9D /* DataProcessing.m */; };
		9A501AE117B0F3270063FF9D /* CurrentDataViewController.m in Sources */ = {isa = PBXBuildFile; fileRef = 9A501AE017B0F3270063FF9D /* CurrentDataViewController.m */; };
		9A501AE417B120C60063FF9D /* EnglishViewController.m in Sources */ = {isa = PBXBuildFile; fileRef = 9A501AE317B120C60063FF9D /* EnglishViewController.m */; };
		9A5E232917B1C8CB00B04C73 /* HistoryViewController.m in Sources */ = {isa = PBXBuildFile; fileRef = 9A5E232817B1C8CB00B04C73 /* HistoryViewController.m */; };
		9A5E232F17B24A0A00B04C73 /* TextViewScroll.m in Sources */ = {isa = PBXBuildFile; fileRef = 9A5E232E17B24A0A00B04C73 /* TextViewScroll.m */; };
		9AA79F2117AF3A0400298409 /* viewController.m in Sources */ = {isa = PBXBuildFile; fileRef = 9AA79F2017AF3A0400298409 /* viewController.m */; };
		9AA79F2417AF403600298409 /* UIViewAnimation.m in Sources */ = {isa = PBXBuildFile; fileRef = 9AA79F2317AF403600298409 /* UIViewAnimation.m */; };
		9AA79F2817AF896200298409 /* ASGoogleVoiceRecognizer.mm in Sources */ = {isa = PBXBuildFile; fileRef = 9AA79F2717AF896200298409 /* ASGoogleVoiceRecognizer.mm */; };
		9AA79F2E17AF89DB00298409 /* RecordInfo.m in Sources */ = {isa = PBXBuildFile; fileRef = 9AA79F2C17AF89DB00298409 /* RecordInfo.m */; };
		9AA79F3217AF8AC200298409 /* WavHeaderFactory.cpp in Sources */ = {isa = PBXBuildFile; fileRef = 9AA79F3017AF8AC200298409 /* WavHeaderFactory.cpp */; };
		9AA79F3517AF8B3600298409 /* CalculateSoundStrength.m in Sources */ = {isa = PBXBuildFile; fileRef = 9AA79F3417AF8B3600298409 /* CalculateSoundStrength.m */; };
		9AA79F4E17AF8BBB00298409 /* SBJsonParser.m in Sources */ = {isa = PBXBuildFile; fileRef = 9AA79F3917AF8BBB00298409 /* SBJsonParser.m */; };
		9AA79F4F17AF8BBB00298409 /* SBJsonStreamParser.m in Sources */ = {isa = PBXBuildFile; fileRef = 9AA79F3B17AF8BBB00298409 /* SBJsonStreamParser.m */; };
		9AA79F5017AF8BBB00298409 /* SBJsonStreamParserAccumulator.m in Sources */ = {isa = PBXBuildFile; fileRef = 9AA79F3D17AF8BBB00298409 /* SBJsonStreamParserAccumulator.m */; };
		9AA79F5117AF8BBB00298409 /* SBJsonStreamParserAdapter.m in Sources */ = {isa = PBXBuildFile; fileRef = 9AA79F3F17AF8BBB00298409 /* SBJsonStreamParserAdapter.m */; };
		9AA79F5217AF8BBB00298409 /* SBJsonStreamParserState.m in Sources */ = {isa = PBXBuildFile; fileRef = 9AA79F4117AF8BBB00298409 /* SBJsonStreamParserState.m */; };
		9AA79F5317AF8BBB00298409 /* SBJsonStreamWriter.m in Sources */ = {isa = PBXBuildFile; fileRef = 9AA79F4317AF8BBB00298409 /* SBJsonStreamWriter.m */; };
		9AA79F5417AF8BBB00298409 /* SBJsonStreamWriterAccumulator.m in Sources */ = {isa = PBXBuildFile; fileRef = 9AA79F4517AF8BBB00298409 /* SBJsonStreamWriterAccumulator.m */; };
		9AA79F5517AF8BBB00298409 /* SBJsonStreamWriterState.m in Sources */ = {isa = PBXBuildFile; fileRef = 9AA79F4717AF8BBB00298409 /* SBJsonStreamWriterState.m */; };
		9AA79F5617AF8BBB00298409 /* SBJsonTokeniser.m in Sources */ = {isa = PBXBuildFile; fileRef = 9AA79F4917AF8BBB00298409 /* SBJsonTokeniser.m */; };
		9AA79F5717AF8BBB00298409 /* SBJsonUTF8Stream.m in Sources */ = {isa = PBXBuildFile; fileRef = 9AA79F4B17AF8BBB00298409 /* SBJsonUTF8Stream.m */; };
		9AA79F5817AF8BBB00298409 /* SBJsonWriter.m in Sources */ = {isa = PBXBuildFile; fileRef = 9AA79F4D17AF8BBB00298409 /* SBJsonWriter.m */; };
		9AA79F5A17AF8C1500298409 /* AVFoundation.framework in Frameworks */ = {isa = PBXBuildFile; fileRef = 9AA79F5917AF8C1400298409 /* AVFoundation.framework */; };
		9AA79F5C17AF8C1D00298409 /* AudioToolbox.framework in Frameworks */ = {isa = PBXBuildFile; fileRef = 9AA79F5B17AF8C1D00298409 /* AudioToolbox.framework */; };
		9AA79F5F17AF8C9500298409 /* NSObject+SBJson.m in Sources */ = {isa = PBXBuildFile; fileRef = 9AA79F5E17AF8C9500298409 /* NSObject+SBJson.m */; };
		BE0B8DEB17A74E6700C49DBC /* background.png in Resources */ = {isa = PBXBuildFile; fileRef = BE0B8DE017A74E6700C49DBC /* background.png */; };
		BE0B8DEC17A74E6700C49DBC /* CD-inner.png in Resources */ = {isa = PBXBuildFile; fileRef = BE0B8DE117A74E6700C49DBC /* CD-inner.png */; };
		BE0B8DED17A74E6700C49DBC /* CD-inner1.png in Resources */ = {isa = PBXBuildFile; fileRef = BE0B8DE217A74E6700C49DBC /* CD-inner1.png */; };
		BE0B8DEE17A74E6700C49DBC /* CD.png in Resources */ = {isa = PBXBuildFile; fileRef = BE0B8DE317A74E6700C49DBC /* CD.png */; };
		BE0B8DEF17A74E6700C49DBC /* edit.png in Resources */ = {isa = PBXBuildFile; fileRef = BE0B8DE417A74E6700C49DBC /* edit.png */; };
		BE0B8DF017A74E6700C49DBC /* history-button.png in Resources */ = {isa = PBXBuildFile; fileRef = BE0B8DE517A74E6700C49DBC /* history-button.png */; };
		BE0B8DF117A74E6700C49DBC /* navbar-bg.png in Resources */ = {isa = PBXBuildFile; fileRef = BE0B8DE617A74E6700C49DBC /* navbar-bg.png */; };
		BE0B8DF317A74E6700C49DBC /* play.png in Resources */ = {isa = PBXBuildFile; fileRef = BE0B8DE817A74E6700C49DBC /* play.png */; };
		BE0B8DF517A74E6700C49DBC /* translate.png in Resources */ = {isa = PBXBuildFile; fileRef = BE0B8DEA17A74E6700C49DBC /* translate.png */; };
		BE19607217A8E4E600073ADF /* TextToImage.m in Sources */ = {isa = PBXBuildFile; fileRef = BE19607117A8E4E600073ADF /* TextToImage.m */; };
		BE2FD5BC17B337400086AF47 /* ASRecordWav.m in Sources */ = {isa = PBXBuildFile; fileRef = BE2FD5BB17B337400086AF47 /* ASRecordWav.m */; };
		BE457F1D17A4A5BC00123896 /* QuartzCore.framework in Frameworks */ = {isa = PBXBuildFile; fileRef = BE457F1C17A4A5BC00123896 /* QuartzCore.framework */; };
		BE4D1A3D17A761B300756FF4 /* recognise.png in Resources */ = {isa = PBXBuildFile; fileRef = BE4D1A3C17A761B300756FF4 /* recognise.png */; };
		BE589A4217AA412400E88166 /* SoundWaveView.m in Sources */ = {isa = PBXBuildFile; fileRef = BE589A4117AA412400E88166 /* SoundWaveView.m */; };
		BE5A050517ACAD9D00B7CD4A /* GradientColorImage.m in Sources */ = {isa = PBXBuildFile; fileRef = BE5A050417ACAD9D00B7CD4A /* GradientColorImage.m */; };
		BE76D2F817A5561E00DBA827 /* NavigationBarLayout.m in Sources */ = {isa = PBXBuildFile; fileRef = BE76D2F717A5561E00DBA827 /* NavigationBarLayout.m */; };
		BE7B5B6717A278BD00BF9C1E /* UIKit.framework in Frameworks */ = {isa = PBXBuildFile; fileRef = BE7B5B6617A278BD00BF9C1E /* UIKit.framework */; };
		BE7B5B6917A278BD00BF9C1E /* Foundation.framework in Frameworks */ = {isa = PBXBuildFile; fileRef = BE7B5B6817A278BD00BF9C1E /* Foundation.framework */; };
		BE7B5B6B17A278BD00BF9C1E /* CoreGraphics.framework in Frameworks */ = {isa = PBXBuildFile; fileRef = BE7B5B6A17A278BD00BF9C1E /* CoreGraphics.framework */; };
		BE7B5B7117A278BD00BF9C1E /* InfoPlist.strings in Resources */ = {isa = PBXBuildFile; fileRef = BE7B5B6F17A278BD00BF9C1E /* InfoPlist.strings */; };
		BE7B5B7317A278BD00BF9C1E /* main.m in Sources */ = {isa = PBXBuildFile; fileRef = BE7B5B7217A278BD00BF9C1E /* main.m */; };
		BE7B5B7717A278BD00BF9C1E /* AppDelegate.m in Sources */ = {isa = PBXBuildFile; fileRef = BE7B5B7617A278BD00BF9C1E /* AppDelegate.m */; };
		BE7B5B7917A278BD00BF9C1E /* Default.png in Resources */ = {isa = PBXBuildFile; fileRef = BE7B5B7817A278BD00BF9C1E /* Default.png */; };
		BE7B5B7B17A278BD00BF9C1E /* Default@2x.png in Resources */ = {isa = PBXBuildFile; fileRef = BE7B5B7A17A278BD00BF9C1E /* Default@2x.png */; };
		BE7B5B7D17A278BD00BF9C1E /* Default-568h@2x.png in Resources */ = {isa = PBXBuildFile; fileRef = BE7B5B7C17A278BD00BF9C1E /* Default-568h@2x.png */; };
/* End PBXBuildFile section */

/* Begin PBXFileReference section */
		9A501AC417B0867C0063FF9D /* SwitchButtonTouchAction.h */ = {isa = PBXFileReference; fileEncoding = 4; lastKnownFileType = sourcecode.c.h; path = SwitchButtonTouchAction.h; sourceTree = "<group>"; };
		9A501AC517B0867C0063FF9D /* SwitchButtonTouchAction.m */ = {isa = PBXFileReference; fileEncoding = 4; lastKnownFileType = sourcecode.c.objc; path = SwitchButtonTouchAction.m; sourceTree = "<group>"; };
		9A501ACF17B095550063FF9D /* stop.png */ = {isa = PBXFileReference; lastKnownFileType = image.png; name = stop.png; path = SpeechRecognition/images/stop.png; sourceTree = SOURCE_ROOT; };
		9A501AD017B095550063FF9D /* stop1.png */ = {isa = PBXFileReference; lastKnownFileType = image.png; name = stop1.png; path = SpeechRecognition/images/stop1.png; sourceTree = SOURCE_ROOT; };
		9A501AD417B095E70063FF9D /* LayoutMainController.h */ = {isa = PBXFileReference; fileEncoding = 4; lastKnownFileType = sourcecode.c.h; path = LayoutMainController.h; sourceTree = "<group>"; };
		9A501AD517B095E70063FF9D /* LayoutMainController.m */ = {isa = PBXFileReference; fileEncoding = 4; lastKnownFileType = sourcecode.c.objc; path = LayoutMainController.m; sourceTree = "<group>"; };
		9A501AD817B0E2370063FF9D /* TranslateRecognizeResult.h */ = {isa = PBXFileReference; fileEncoding = 4; lastKnownFileType = sourcecode.c.h; path = TranslateRecognizeResult.h; sourceTree = "<group>"; };
		9A501AD917B0E2370063FF9D /* TranslateRecognizeResult.m */ = {isa = PBXFileReference; fileEncoding = 4; lastKnownFileType = sourcecode.c.objc; path = TranslateRecognizeResult.m; sourceTree = "<group>"; };
		9A501ADC17B0F0380063FF9D /* DataProcessing.h */ = {isa = PBXFileReference; fileEncoding = 4; lastKnownFileType = sourcecode.c.h; path = DataProcessing.h; sourceTree = "<group>"; };
		9A501ADD17B0F0380063FF9D /* DataProcessing.m */ = {isa = PBXFileReference; fileEncoding = 4; lastKnownFileType = sourcecode.c.objc; path = DataProcessing.m; sourceTree = "<group>"; };
		9A501ADF17B0F3270063FF9D /* CurrentDataViewController.h */ = {isa = PBXFileReference; fileEncoding = 4; lastKnownFileType = sourcecode.c.h; path = CurrentDataViewController.h; sourceTree = "<group>"; };
		9A501AE017B0F3270063FF9D /* CurrentDataViewController.m */ = {isa = PBXFileReference; fileEncoding = 4; lastKnownFileType = sourcecode.c.objc; path = CurrentDataViewController.m; sourceTree = "<group>"; };
		9A501AE217B120C60063FF9D /* EnglishViewController.h */ = {isa = PBXFileReference; fileEncoding = 4; lastKnownFileType = sourcecode.c.h; path = EnglishViewController.h; sourceTree = "<group>"; };
		9A501AE317B120C60063FF9D /* EnglishViewController.m */ = {isa = PBXFileReference; fileEncoding = 4; lastKnownFileType = sourcecode.c.objc; path = EnglishViewController.m; sourceTree = "<group>"; };
		9A5E232717B1C8CB00B04C73 /* HistoryViewController.h */ = {isa = PBXFileReference; fileEncoding = 4; lastKnownFileType = sourcecode.c.h; path = HistoryViewController.h; sourceTree = "<group>"; };
		9A5E232817B1C8CB00B04C73 /* HistoryViewController.m */ = {isa = PBXFileReference; fileEncoding = 4; lastKnownFileType = sourcecode.c.objc; path = HistoryViewController.m; sourceTree = "<group>"; };
		9A5E232D17B24A0A00B04C73 /* TextViewScroll.h */ = {isa = PBXFileReference; fileEncoding = 4; lastKnownFileType = sourcecode.c.h; path = TextViewScroll.h; sourceTree = "<group>"; };
		9A5E232E17B24A0A00B04C73 /* TextViewScroll.m */ = {isa = PBXFileReference; fileEncoding = 4; lastKnownFileType = sourcecode.c.objc; path = TextViewScroll.m; sourceTree = "<group>"; };
		9AA79F1F17AF3A0400298409 /* viewController.h */ = {isa = PBXFileReference; fileEncoding = 4; lastKnownFileType = sourcecode.c.h; path = viewController.h; sourceTree = "<group>"; };
		9AA79F2017AF3A0400298409 /* viewController.m */ = {isa = PBXFileReference; fileEncoding = 4; lastKnownFileType = sourcecode.c.objc; path = viewController.m; sourceTree = "<group>"; };
		9AA79F2217AF403600298409 /* UIViewAnimation.h */ = {isa = PBXFileReference; fileEncoding = 4; lastKnownFileType = sourcecode.c.h; path = UIViewAnimation.h; sourceTree = "<group>"; };
		9AA79F2317AF403600298409 /* UIViewAnimation.m */ = {isa = PBXFileReference; fileEncoding = 4; lastKnownFileType = sourcecode.c.objc; path = UIViewAnimation.m; sourceTree = "<group>"; };
		9AA79F2617AF896200298409 /* ASGoogleVoiceRecognizer.h */ = {isa = PBXFileReference; fileEncoding = 4; lastKnownFileType = sourcecode.c.h; path = ASGoogleVoiceRecognizer.h; sourceTree = "<group>"; };
		9AA79F2717AF896200298409 /* ASGoogleVoiceRecognizer.mm */ = {isa = PBXFileReference; fileEncoding = 4; lastKnownFileType = sourcecode.cpp.objcpp; path = ASGoogleVoiceRecognizer.mm; sourceTree = "<group>"; };
		9AA79F2B17AF89DB00298409 /* RecordInfo.h */ = {isa = PBXFileReference; fileEncoding = 4; lastKnownFileType = sourcecode.c.h; path = RecordInfo.h; sourceTree = "<group>"; };
		9AA79F2C17AF89DB00298409 /* RecordInfo.m */ = {isa = PBXFileReference; fileEncoding = 4; lastKnownFileType = sourcecode.c.objc; path = RecordInfo.m; sourceTree = "<group>"; };
		9AA79F2F17AF89F100298409 /* ASRecordDelegate.h */ = {isa = PBXFileReference; fileEncoding = 4; lastKnownFileType = sourcecode.c.h; path = ASRecordDelegate.h; sourceTree = "<group>"; };
		9AA79F3017AF8AC200298409 /* WavHeaderFactory.cpp */ = {isa = PBXFileReference; fileEncoding = 4; lastKnownFileType = sourcecode.cpp.cpp; path = WavHeaderFactory.cpp; sourceTree = "<group>"; };
		9AA79F3117AF8AC200298409 /* WavHeaderFactory.h */ = {isa = PBXFileReference; fileEncoding = 4; lastKnownFileType = sourcecode.c.h; path = WavHeaderFactory.h; sourceTree = "<group>"; };
		9AA79F3317AF8B3600298409 /* CalculateSoundStrength.h */ = {isa = PBXFileReference; fileEncoding = 4; lastKnownFileType = sourcecode.c.h; path = CalculateSoundStrength.h; sourceTree = "<group>"; };
		9AA79F3417AF8B3600298409 /* CalculateSoundStrength.m */ = {isa = PBXFileReference; fileEncoding = 4; lastKnownFileType = sourcecode.c.objc; path = CalculateSoundStrength.m; sourceTree = "<group>"; };
		9AA79F3717AF8BBB00298409 /* SBJson.h */ = {isa = PBXFileReference; fileEncoding = 4; lastKnownFileType = sourcecode.c.h; path = SBJson.h; sourceTree = "<group>"; };
		9AA79F3817AF8BBB00298409 /* SBJsonParser.h */ = {isa = PBXFileReference; fileEncoding = 4; lastKnownFileType = sourcecode.c.h; path = SBJsonParser.h; sourceTree = "<group>"; };
		9AA79F3917AF8BBB00298409 /* SBJsonParser.m */ = {isa = PBXFileReference; fileEncoding = 4; lastKnownFileType = sourcecode.c.objc; path = SBJsonParser.m; sourceTree = "<group>"; };
		9AA79F3A17AF8BBB00298409 /* SBJsonStreamParser.h */ = {isa = PBXFileReference; fileEncoding = 4; lastKnownFileType = sourcecode.c.h; path = SBJsonStreamParser.h; sourceTree = "<group>"; };
		9AA79F3B17AF8BBB00298409 /* SBJsonStreamParser.m */ = {isa = PBXFileReference; fileEncoding = 4; lastKnownFileType = sourcecode.c.objc; path = SBJsonStreamParser.m; sourceTree = "<group>"; };
		9AA79F3C17AF8BBB00298409 /* SBJsonStreamParserAccumulator.h */ = {isa = PBXFileReference; fileEncoding = 4; lastKnownFileType = sourcecode.c.h; path = SBJsonStreamParserAccumulator.h; sourceTree = "<group>"; };
		9AA79F3D17AF8BBB00298409 /* SBJsonStreamParserAccumulator.m */ = {isa = PBXFileReference; fileEncoding = 4; lastKnownFileType = sourcecode.c.objc; path = SBJsonStreamParserAccumulator.m; sourceTree = "<group>"; };
		9AA79F3E17AF8BBB00298409 /* SBJsonStreamParserAdapter.h */ = {isa = PBXFileReference; fileEncoding = 4; lastKnownFileType = sourcecode.c.h; path = SBJsonStreamParserAdapter.h; sourceTree = "<group>"; };
		9AA79F3F17AF8BBB00298409 /* SBJsonStreamParserAdapter.m */ = {isa = PBXFileReference; fileEncoding = 4; lastKnownFileType = sourcecode.c.objc; path = SBJsonStreamParserAdapter.m; sourceTree = "<group>"; };
		9AA79F4017AF8BBB00298409 /* SBJsonStreamParserState.h */ = {isa = PBXFileReference; fileEncoding = 4; lastKnownFileType = sourcecode.c.h; path = SBJsonStreamParserState.h; sourceTree = "<group>"; };
		9AA79F4117AF8BBB00298409 /* SBJsonStreamParserState.m */ = {isa = PBXFileReference; fileEncoding = 4; lastKnownFileType = sourcecode.c.objc; path = SBJsonStreamParserState.m; sourceTree = "<group>"; };
		9AA79F4217AF8BBB00298409 /* SBJsonStreamWriter.h */ = {isa = PBXFileReference; fileEncoding = 4; lastKnownFileType = sourcecode.c.h; path = SBJsonStreamWriter.h; sourceTree = "<group>"; };
		9AA79F4317AF8BBB00298409 /* SBJsonStreamWriter.m */ = {isa = PBXFileReference; fileEncoding = 4; lastKnownFileType = sourcecode.c.objc; path = SBJsonStreamWriter.m; sourceTree = "<group>"; };
		9AA79F4417AF8BBB00298409 /* SBJsonStreamWriterAccumulator.h */ = {isa = PBXFileReference; fileEncoding = 4; lastKnownFileType = sourcecode.c.h; path = SBJsonStreamWriterAccumulator.h; sourceTree = "<group>"; };
		9AA79F4517AF8BBB00298409 /* SBJsonStreamWriterAccumulator.m */ = {isa = PBXFileReference; fileEncoding = 4; lastKnownFileType = sourcecode.c.objc; path = SBJsonStreamWriterAccumulator.m; sourceTree = "<group>"; };
		9AA79F4617AF8BBB00298409 /* SBJsonStreamWriterState.h */ = {isa = PBXFileReference; fileEncoding = 4; lastKnownFileType = sourcecode.c.h; path = SBJsonStreamWriterState.h; sourceTree = "<group>"; };
		9AA79F4717AF8BBB00298409 /* SBJsonStreamWriterState.m */ = {isa = PBXFileReference; fileEncoding = 4; lastKnownFileType = sourcecode.c.objc; path = SBJsonStreamWriterState.m; sourceTree = "<group>"; };
		9AA79F4817AF8BBB00298409 /* SBJsonTokeniser.h */ = {isa = PBXFileReference; fileEncoding = 4; lastKnownFileType = sourcecode.c.h; path = SBJsonTokeniser.h; sourceTree = "<group>"; };
		9AA79F4917AF8BBB00298409 /* SBJsonTokeniser.m */ = {isa = PBXFileReference; fileEncoding = 4; lastKnownFileType = sourcecode.c.objc; path = SBJsonTokeniser.m; sourceTree = "<group>"; };
		9AA79F4A17AF8BBB00298409 /* SBJsonUTF8Stream.h */ = {isa = PBXFileReference; fileEncoding = 4; lastKnownFileType = sourcecode.c.h; path = SBJsonUTF8Stream.h; sourceTree = "<group>"; };
		9AA79F4B17AF8BBB00298409 /* SBJsonUTF8Stream.m */ = {isa = PBXFileReference; fileEncoding = 4; lastKnownFileType = sourcecode.c.objc; path = SBJsonUTF8Stream.m; sourceTree = "<group>"; };
		9AA79F4C17AF8BBB00298409 /* SBJsonWriter.h */ = {isa = PBXFileReference; fileEncoding = 4; lastKnownFileType = sourcecode.c.h; path = SBJsonWriter.h; sourceTree = "<group>"; };
		9AA79F4D17AF8BBB00298409 /* SBJsonWriter.m */ = {isa = PBXFileReference; fileEncoding = 4; lastKnownFileType = sourcecode.c.objc; path = SBJsonWriter.m; sourceTree = "<group>"; };
		9AA79F5917AF8C1400298409 /* AVFoundation.framework */ = {isa = PBXFileReference; lastKnownFileType = wrapper.framework; name = AVFoundation.framework; path = System/Library/Frameworks/AVFoundation.framework; sourceTree = SDKROOT; };
		9AA79F5B17AF8C1D00298409 /* AudioToolbox.framework */ = {isa = PBXFileReference; lastKnownFileType = wrapper.framework; name = AudioToolbox.framework; path = System/Library/Frameworks/AudioToolbox.framework; sourceTree = SDKROOT; };
		9AA79F5D17AF8C9500298409 /* NSObject+SBJson.h */ = {isa = PBXFileReference; fileEncoding = 4; lastKnownFileType = sourcecode.c.h; path = "NSObject+SBJson.h"; sourceTree = "<group>"; };
		9AA79F5E17AF8C9500298409 /* NSObject+SBJson.m */ = {isa = PBXFileReference; fileEncoding = 4; lastKnownFileType = sourcecode.c.objc; path = "NSObject+SBJson.m"; sourceTree = "<group>"; };
		BE0B8DE017A74E6700C49DBC /* background.png */ = {isa = PBXFileReference; lastKnownFileType = image.png; name = background.png; path = SpeechRecognition/images/background.png; sourceTree = SOURCE_ROOT; };
		BE0B8DE117A74E6700C49DBC /* CD-inner.png */ = {isa = PBXFileReference; lastKnownFileType = image.png; name = "CD-inner.png"; path = "SpeechRecognition/images/CD-inner.png"; sourceTree = SOURCE_ROOT; };
		BE0B8DE217A74E6700C49DBC /* CD-inner1.png */ = {isa = PBXFileReference; lastKnownFileType = image.png; name = "CD-inner1.png"; path = "SpeechRecognition/images/CD-inner1.png"; sourceTree = SOURCE_ROOT; };
		BE0B8DE317A74E6700C49DBC /* CD.png */ = {isa = PBXFileReference; lastKnownFileType = image.png; name = CD.png; path = SpeechRecognition/images/CD.png; sourceTree = SOURCE_ROOT; };
		BE0B8DE417A74E6700C49DBC /* edit.png */ = {isa = PBXFileReference; lastKnownFileType = image.png; name = edit.png; path = SpeechRecognition/images/edit.png; sourceTree = SOURCE_ROOT; };
		BE0B8DE517A74E6700C49DBC /* history-button.png */ = {isa = PBXFileReference; lastKnownFileType = image.png; name = "history-button.png"; path = "SpeechRecognition/images/history-button.png"; sourceTree = SOURCE_ROOT; };
		BE0B8DE617A74E6700C49DBC /* navbar-bg.png */ = {isa = PBXFileReference; lastKnownFileType = image.png; name = "navbar-bg.png"; path = "SpeechRecognition/images/navbar-bg.png"; sourceTree = SOURCE_ROOT; };
		BE0B8DE817A74E6700C49DBC /* play.png */ = {isa = PBXFileReference; lastKnownFileType = image.png; name = play.png; path = SpeechRecognition/images/play.png; sourceTree = SOURCE_ROOT; };
		BE0B8DEA17A74E6700C49DBC /* translate.png */ = {isa = PBXFileReference; lastKnownFileType = image.png; name = translate.png; path = SpeechRecognition/images/translate.png; sourceTree = SOURCE_ROOT; };
		BE19607017A8E4E600073ADF /* TextToImage.h */ = {isa = PBXFileReference; fileEncoding = 4; lastKnownFileType = sourcecode.c.h; path = TextToImage.h; sourceTree = "<group>"; };
		BE19607117A8E4E600073ADF /* TextToImage.m */ = {isa = PBXFileReference; fileEncoding = 4; lastKnownFileType = sourcecode.c.objc; path = TextToImage.m; sourceTree = "<group>"; };
		BE2FD5BA17B337400086AF47 /* ASRecordWav.h */ = {isa = PBXFileReference; fileEncoding = 4; lastKnownFileType = sourcecode.c.h; path = ASRecordWav.h; sourceTree = "<group>"; };
		BE2FD5BB17B337400086AF47 /* ASRecordWav.m */ = {isa = PBXFileReference; fileEncoding = 4; lastKnownFileType = sourcecode.c.objc; path = ASRecordWav.m; sourceTree = "<group>"; };
		BE457F1C17A4A5BC00123896 /* QuartzCore.framework */ = {isa = PBXFileReference; lastKnownFileType = wrapper.framework; name = QuartzCore.framework; path = System/Library/Frameworks/QuartzCore.framework; sourceTree = SDKROOT; };
		BE4D1A3C17A761B300756FF4 /* recognise.png */ = {isa = PBXFileReference; lastKnownFileType = image.png; name = recognise.png; path = SpeechRecognition/images/recognise.png; sourceTree = SOURCE_ROOT; };
		BE589A4017AA412400E88166 /* SoundWaveView.h */ = {isa = PBXFileReference; fileEncoding = 4; lastKnownFileType = sourcecode.c.h; path = SoundWaveView.h; sourceTree = "<group>"; };
		BE589A4117AA412400E88166 /* SoundWaveView.m */ = {isa = PBXFileReference; fileEncoding = 4; lastKnownFileType = sourcecode.c.objc; path = SoundWaveView.m; sourceTree = "<group>"; };
		BE5A050317ACAD9D00B7CD4A /* GradientColorImage.h */ = {isa = PBXFileReference; fileEncoding = 4; lastKnownFileType = sourcecode.c.h; path = GradientColorImage.h; sourceTree = "<group>"; };
		BE5A050417ACAD9D00B7CD4A /* GradientColorImage.m */ = {isa = PBXFileReference; fileEncoding = 4; lastKnownFileType = sourcecode.c.objc; path = GradientColorImage.m; sourceTree = "<group>"; };
		BE76D2F617A5561E00DBA827 /* NavigationBarLayout.h */ = {isa = PBXFileReference; fileEncoding = 4; lastKnownFileType = sourcecode.c.h; path = NavigationBarLayout.h; sourceTree = "<group>"; };
		BE76D2F717A5561E00DBA827 /* NavigationBarLayout.m */ = {isa = PBXFileReference; fileEncoding = 4; lastKnownFileType = sourcecode.c.objc; path = NavigationBarLayout.m; sourceTree = "<group>"; };
		BE7B5B6317A278BD00BF9C1E /* SpeechRecognition.app */ = {isa = PBXFileReference; explicitFileType = wrapper.application; includeInIndex = 0; path = SpeechRecognition.app; sourceTree = BUILT_PRODUCTS_DIR; };
		BE7B5B6617A278BD00BF9C1E /* UIKit.framework */ = {isa = PBXFileReference; lastKnownFileType = wrapper.framework; name = UIKit.framework; path = System/Library/Frameworks/UIKit.framework; sourceTree = SDKROOT; };
		BE7B5B6817A278BD00BF9C1E /* Foundation.framework */ = {isa = PBXFileReference; lastKnownFileType = wrapper.framework; name = Foundation.framework; path = System/Library/Frameworks/Foundation.framework; sourceTree = SDKROOT; };
		BE7B5B6A17A278BD00BF9C1E /* CoreGraphics.framework */ = {isa = PBXFileReference; lastKnownFileType = wrapper.framework; name = CoreGraphics.framework; path = System/Library/Frameworks/CoreGraphics.framework; sourceTree = SDKROOT; };
		BE7B5B6E17A278BD00BF9C1E /* SpeechRecognition-Info.plist */ = {isa = PBXFileReference; lastKnownFileType = text.plist.xml; path = "SpeechRecognition-Info.plist"; sourceTree = "<group>"; };
		BE7B5B7017A278BD00BF9C1E /* en */ = {isa = PBXFileReference; lastKnownFileType = text.plist.strings; name = en; path = en.lproj/InfoPlist.strings; sourceTree = "<group>"; };
		BE7B5B7217A278BD00BF9C1E /* main.m */ = {isa = PBXFileReference; lastKnownFileType = sourcecode.c.objc; path = main.m; sourceTree = "<group>"; };
		BE7B5B7417A278BD00BF9C1E /* SpeechRecognition-Prefix.pch */ = {isa = PBXFileReference; lastKnownFileType = sourcecode.c.h; path = "SpeechRecognition-Prefix.pch"; sourceTree = "<group>"; };
		BE7B5B7517A278BD00BF9C1E /* AppDelegate.h */ = {isa = PBXFileReference; lastKnownFileType = sourcecode.c.h; path = AppDelegate.h; sourceTree = "<group>"; };
		BE7B5B7617A278BD00BF9C1E /* AppDelegate.m */ = {isa = PBXFileReference; lastKnownFileType = sourcecode.c.objc; path = AppDelegate.m; sourceTree = "<group>"; };
		BE7B5B7817A278BD00BF9C1E /* Default.png */ = {isa = PBXFileReference; lastKnownFileType = image.png; path = Default.png; sourceTree = "<group>"; };
		BE7B5B7A17A278BD00BF9C1E /* Default@2x.png */ = {isa = PBXFileReference; lastKnownFileType = image.png; path = "Default@2x.png"; sourceTree = "<group>"; };
		BE7B5B7C17A278BD00BF9C1E /* Default-568h@2x.png */ = {isa = PBXFileReference; lastKnownFileType = image.png; path = "Default-568h@2x.png"; sourceTree = "<group>"; };
		BEAC404517A2B34800208083 /* Data.h */ = {isa = PBXFileReference; fileEncoding = 4; lastKnownFileType = sourcecode.c.h; path = Data.h; sourceTree = "<group>"; };
/* End PBXFileReference section */

/* Begin PBXFrameworksBuildPhase section */
		BE7B5B6017A278BD00BF9C1E /* Frameworks */ = {
			isa = PBXFrameworksBuildPhase;
			buildActionMask = 2147483647;
			files = (
				9AA79F5C17AF8C1D00298409 /* AudioToolbox.framework in Frameworks */,
				9AA79F5A17AF8C1500298409 /* AVFoundation.framework in Frameworks */,
				BE457F1D17A4A5BC00123896 /* QuartzCore.framework in Frameworks */,
				BE7B5B6717A278BD00BF9C1E /* UIKit.framework in Frameworks */,
				BE7B5B6917A278BD00BF9C1E /* Foundation.framework in Frameworks */,
				BE7B5B6B17A278BD00BF9C1E /* CoreGraphics.framework in Frameworks */,
			);
			runOnlyForDeploymentPostprocessing = 0;
		};
/* End PBXFrameworksBuildPhase section */

/* Begin PBXGroup section */
		9A501AC317B086570063FF9D /* SwitchButtonAction */ = {
			isa = PBXGroup;
			children = (
				9A501AC417B0867C0063FF9D /* SwitchButtonTouchAction.h */,
				9A501AC517B0867C0063FF9D /* SwitchButtonTouchAction.m */,
			);
			name = SwitchButtonAction;
			path = SpeechRecognition/SwitchButtonAction;
			sourceTree = "<group>";
		};
		9A501AD317B095C30063FF9D /* LayOut */ = {
			isa = PBXGroup;
			children = (
				9A501AD417B095E70063FF9D /* LayoutMainController.h */,
				9A501AD517B095E70063FF9D /* LayoutMainController.m */,
			);
			name = LayOut;
			path = SpeechRecognition/LayOut;
			sourceTree = "<group>";
		};
		9A501AD717B0E1F90063FF9D /* TranslateRecognizeResult */ = {
			isa = PBXGroup;
			children = (
				9A501AD817B0E2370063FF9D /* TranslateRecognizeResult.h */,
				9A501AD917B0E2370063FF9D /* TranslateRecognizeResult.m */,
			);
			name = TranslateRecognizeResult;
			path = SpeechRecognition/TranslateRecognizeResult;
			sourceTree = "<group>";
		};
		9A501ADB17B0F01D0063FF9D /* DataProcessing */ = {
			isa = PBXGroup;
			children = (
				9A501ADC17B0F0380063FF9D /* DataProcessing.h */,
				9A501ADD17B0F0380063FF9D /* DataProcessing.m */,
			);
			name = DataProcessing;
			path = SpeechRecognition/DataProcessing;
			sourceTree = "<group>";
		};
		9AA79F2517AF892400298409 /* GoogleRecognize */ = {
			isa = PBXGroup;
			children = (
				BE2FD5BA17B337400086AF47 /* ASRecordWav.h */,
				BE2FD5BB17B337400086AF47 /* ASRecordWav.m */,
				9AA79F3317AF8B3600298409 /* CalculateSoundStrength.h */,
				9AA79F3417AF8B3600298409 /* CalculateSoundStrength.m */,
				9AA79F3017AF8AC200298409 /* WavHeaderFactory.cpp */,
				9AA79F3117AF8AC200298409 /* WavHeaderFactory.h */,
				9AA79F2F17AF89F100298409 /* ASRecordDelegate.h */,
				9AA79F2B17AF89DB00298409 /* RecordInfo.h */,
				9AA79F2C17AF89DB00298409 /* RecordInfo.m */,
				9AA79F2617AF896200298409 /* ASGoogleVoiceRecognizer.h */,
				9AA79F2717AF896200298409 /* ASGoogleVoiceRecognizer.mm */,
			);
			path = GoogleRecognize;
			sourceTree = "<group>";
		};
		9AA79F3617AF8B9900298409 /* SBJson */ = {
			isa = PBXGroup;
			children = (
				9AA79F5D17AF8C9500298409 /* NSObject+SBJson.h */,
				9AA79F5E17AF8C9500298409 /* NSObject+SBJson.m */,
				9AA79F3717AF8BBB00298409 /* SBJson.h */,
				9AA79F3817AF8BBB00298409 /* SBJsonParser.h */,
				9AA79F3917AF8BBB00298409 /* SBJsonParser.m */,
				9AA79F3A17AF8BBB00298409 /* SBJsonStreamParser.h */,
				9AA79F3B17AF8BBB00298409 /* SBJsonStreamParser.m */,
				9AA79F3C17AF8BBB00298409 /* SBJsonStreamParserAccumulator.h */,
				9AA79F3D17AF8BBB00298409 /* SBJsonStreamParserAccumulator.m */,
				9AA79F3E17AF8BBB00298409 /* SBJsonStreamParserAdapter.h */,
				9AA79F3F17AF8BBB00298409 /* SBJsonStreamParserAdapter.m */,
				9AA79F4017AF8BBB00298409 /* SBJsonStreamParserState.h */,
				9AA79F4117AF8BBB00298409 /* SBJsonStreamParserState.m */,
				9AA79F4217AF8BBB00298409 /* SBJsonStreamWriter.h */,
				9AA79F4317AF8BBB00298409 /* SBJsonStreamWriter.m */,
				9AA79F4417AF8BBB00298409 /* SBJsonStreamWriterAccumulator.h */,
				9AA79F4517AF8BBB00298409 /* SBJsonStreamWriterAccumulator.m */,
				9AA79F4617AF8BBB00298409 /* SBJsonStreamWriterState.h */,
				9AA79F4717AF8BBB00298409 /* SBJsonStreamWriterState.m */,
				9AA79F4817AF8BBB00298409 /* SBJsonTokeniser.h */,
				9AA79F4917AF8BBB00298409 /* SBJsonTokeniser.m */,
				9AA79F4A17AF8BBB00298409 /* SBJsonUTF8Stream.h */,
				9AA79F4B17AF8BBB00298409 /* SBJsonUTF8Stream.m */,
				9AA79F4C17AF8BBB00298409 /* SBJsonWriter.h */,
				9AA79F4D17AF8BBB00298409 /* SBJsonWriter.m */,
			);
			name = SBJson;
			path = SpeechRecognition/SBJson;
			sourceTree = "<group>";
		};
		BE4D1A4717A791D900756FF4 /* DrawText */ = {
			isa = PBXGroup;
			children = (
				BE19607017A8E4E600073ADF /* TextToImage.h */,
				BE19607117A8E4E600073ADF /* TextToImage.m */,
			);
			name = DrawText;
			path = drawText;
			sourceTree = "<group>";
		};
		BE5A04B517AC999700B7CD4A /* Utility */ = {
			isa = PBXGroup;
			children = (
				BE5A050317ACAD9D00B7CD4A /* GradientColorImage.h */,
				BE5A050417ACAD9D00B7CD4A /* GradientColorImage.m */,
			);
			name = Utility;
			sourceTree = "<group>";
		};
		BE7B5B5A17A278BD00BF9C1E = {
			isa = PBXGroup;
			children = (
				9A501ADB17B0F01D0063FF9D /* DataProcessing */,
				9A501AD717B0E1F90063FF9D /* TranslateRecognizeResult */,
				9A501AD317B095C30063FF9D /* LayOut */,
				9A501AC317B086570063FF9D /* SwitchButtonAction */,
				9AA79F3617AF8B9900298409 /* SBJson */,
				BE7B5B6C17A278BD00BF9C1E /* SpeechRecognition */,
				BE7B5B6517A278BD00BF9C1E /* Frameworks */,
				BE7B5B6417A278BD00BF9C1E /* Products */,
			);
			sourceTree = "<group>";
		};
		BE7B5B6417A278BD00BF9C1E /* Products */ = {
			isa = PBXGroup;
			children = (
				BE7B5B6317A278BD00BF9C1E /* SpeechRecognition.app */,
			);
			name = Products;
			sourceTree = "<group>";
		};
		BE7B5B6517A278BD00BF9C1E /* Frameworks */ = {
			isa = PBXGroup;
			children = (
				9AA79F5B17AF8C1D00298409 /* AudioToolbox.framework */,
				9AA79F5917AF8C1400298409 /* AVFoundation.framework */,
				BE457F1C17A4A5BC00123896 /* QuartzCore.framework */,
				BE7B5B6617A278BD00BF9C1E /* UIKit.framework */,
				BE7B5B6817A278BD00BF9C1E /* Foundation.framework */,
				BE7B5B6A17A278BD00BF9C1E /* CoreGraphics.framework */,
			);
			name = Frameworks;
			sourceTree = "<group>";
		};
		BE7B5B6C17A278BD00BF9C1E /* SpeechRecognition */ = {
			isa = PBXGroup;
			children = (
				9AA79F2517AF892400298409 /* GoogleRecognize */,
				BE7B5B8B17A2820F00BF9C1E /* Images */,
				BE5A04B517AC999700B7CD4A /* Utility */,
				BE4D1A4717A791D900756FF4 /* DrawText */,
				BEEFA91F17A63AD400B0FD34 /* Animation */,
				BE7B5B8717A27EC300BF9C1E /* View */,
				BE7B5B8317A27D7800BF9C1E /* ViewController */,
				BE7B5B7517A278BD00BF9C1E /* AppDelegate.h */,
				BE7B5B7617A278BD00BF9C1E /* AppDelegate.m */,
				BEAC404517A2B34800208083 /* Data.h */,
				BE7B5B6D17A278BD00BF9C1E /* Supporting Files */,
			);
			path = SpeechRecognition;
			sourceTree = "<group>";
		};
		BE7B5B6D17A278BD00BF9C1E /* Supporting Files */ = {
			isa = PBXGroup;
			children = (
				BE7B5B6E17A278BD00BF9C1E /* SpeechRecognition-Info.plist */,
				BE7B5B6F17A278BD00BF9C1E /* InfoPlist.strings */,
				BE7B5B7217A278BD00BF9C1E /* main.m */,
				BE7B5B7417A278BD00BF9C1E /* SpeechRecognition-Prefix.pch */,
				BE7B5B7817A278BD00BF9C1E /* Default.png */,
				BE7B5B7A17A278BD00BF9C1E /* Default@2x.png */,
				BE7B5B7C17A278BD00BF9C1E /* Default-568h@2x.png */,
			);
			name = "Supporting Files";
			sourceTree = "<group>";
		};
		BE7B5B8317A27D7800BF9C1E /* ViewController */ = {
			isa = PBXGroup;
			children = (
				9AA79F1F17AF3A0400298409 /* viewController.h */,
				9AA79F2017AF3A0400298409 /* viewController.m */,
				9A501ADF17B0F3270063FF9D /* CurrentDataViewController.h */,
				9A501AE017B0F3270063FF9D /* CurrentDataViewController.m */,
				9A501AE217B120C60063FF9D /* EnglishViewController.h */,
				9A501AE317B120C60063FF9D /* EnglishViewController.m */,
				9A5E232717B1C8CB00B04C73 /* HistoryViewController.h */,
				9A5E232817B1C8CB00B04C73 /* HistoryViewController.m */,
			);
			name = ViewController;
			sourceTree = "<group>";
		};
		BE7B5B8717A27EC300BF9C1E /* View */ = {
			isa = PBXGroup;
			children = (
				BE76D2F617A5561E00DBA827 /* NavigationBarLayout.h */,
				BE76D2F717A5561E00DBA827 /* NavigationBarLayout.m */,
				BE589A4017AA412400E88166 /* SoundWaveView.h */,
				BE589A4117AA412400E88166 /* SoundWaveView.m */,
				9A5E232D17B24A0A00B04C73 /* TextViewScroll.h */,
				9A5E232E17B24A0A00B04C73 /* TextViewScroll.m */,
			);
			name = View;
			sourceTree = "<group>";
		};
		BE7B5B8B17A2820F00BF9C1E /* Images */ = {
			isa = PBXGroup;
			children = (
				9A501ACF17B095550063FF9D /* stop.png */,
				9A501AD017B095550063FF9D /* stop1.png */,
				BE4D1A3C17A761B300756FF4 /* recognise.png */,
				BE0B8DE017A74E6700C49DBC /* background.png */,
				BE0B8DE117A74E6700C49DBC /* CD-inner.png */,
				BE0B8DE217A74E6700C49DBC /* CD-inner1.png */,
				BE0B8DE317A74E6700C49DBC /* CD.png */,
				BE0B8DE417A74E6700C49DBC /* edit.png */,
				BE0B8DE517A74E6700C49DBC /* history-button.png */,
				BE0B8DE617A74E6700C49DBC /* navbar-bg.png */,
				BE0B8DE817A74E6700C49DBC /* play.png */,
				BE0B8DEA17A74E6700C49DBC /* translate.png */,
			);
			name = Images;
			path = ../images;
			sourceTree = "<group>";
		};
		BEEFA91F17A63AD400B0FD34 /* Animation */ = {
			isa = PBXGroup;
			children = (
				9AA79F2217AF403600298409 /* UIViewAnimation.h */,
				9AA79F2317AF403600298409 /* UIViewAnimation.m */,
			);
			name = Animation;
			sourceTree = "<group>";
		};
/* End PBXGroup section */

/* Begin PBXNativeTarget section */
		BE7B5B6217A278BD00BF9C1E /* SpeechRecognition */ = {
			isa = PBXNativeTarget;
			buildConfigurationList = BE7B5B8017A278BD00BF9C1E /* Build configuration list for PBXNativeTarget "SpeechRecognition" */;
			buildPhases = (
				BE7B5B5F17A278BD00BF9C1E /* Sources */,
				BE7B5B6017A278BD00BF9C1E /* Frameworks */,
				BE7B5B6117A278BD00BF9C1E /* Resources */,
			);
			buildRules = (
			);
			dependencies = (
			);
			name = SpeechRecognition;
			productName = SpeechRecognition;
			productReference = BE7B5B6317A278BD00BF9C1E /* SpeechRecognition.app */;
			productType = "com.apple.product-type.application";
		};
/* End PBXNativeTarget section */

/* Begin PBXProject section */
		BE7B5B5B17A278BD00BF9C1E /* Project object */ = {
			isa = PBXProject;
			attributes = {
				LastUpgradeCheck = 0460;
				ORGANIZATIONNAME = Luwei;
			};
			buildConfigurationList = BE7B5B5E17A278BD00BF9C1E /* Build configuration list for PBXProject "SpeechRecognition" */;
			compatibilityVersion = "Xcode 3.2";
			developmentRegion = English;
			hasScannedForEncodings = 0;
			knownRegions = (
				en,
			);
			mainGroup = BE7B5B5A17A278BD00BF9C1E;
			productRefGroup = BE7B5B6417A278BD00BF9C1E /* Products */;
			projectDirPath = "";
			projectRoot = "";
			targets = (
				BE7B5B6217A278BD00BF9C1E /* SpeechRecognition */,
			);
		};
/* End PBXProject section */

/* Begin PBXResourcesBuildPhase section */
		BE7B5B6117A278BD00BF9C1E /* Resources */ = {
			isa = PBXResourcesBuildPhase;
			buildActionMask = 2147483647;
			files = (
				BE7B5B7117A278BD00BF9C1E /* InfoPlist.strings in Resources */,
				BE7B5B7917A278BD00BF9C1E /* Default.png in Resources */,
				BE7B5B7B17A278BD00BF9C1E /* Default@2x.png in Resources */,
				BE7B5B7D17A278BD00BF9C1E /* Default-568h@2x.png in Resources */,
				BE0B8DEB17A74E6700C49DBC /* background.png in Resources */,
				BE0B8DEC17A74E6700C49DBC /* CD-inner.png in Resources */,
				BE0B8DED17A74E6700C49DBC /* CD-inner1.png in Resources */,
				BE0B8DEE17A74E6700C49DBC /* CD.png in Resources */,
				BE0B8DEF17A74E6700C49DBC /* edit.png in Resources */,
				BE0B8DF017A74E6700C49DBC /* history-button.png in Resources */,
				BE0B8DF117A74E6700C49DBC /* navbar-bg.png in Resources */,
				BE0B8DF317A74E6700C49DBC /* play.png in Resources */,
				BE0B8DF517A74E6700C49DBC /* translate.png in Resources */,
				BE4D1A3D17A761B300756FF4 /* recognise.png in Resources */,
				9A501AD117B095550063FF9D /* stop.png in Resources */,
				9A501AD217B095550063FF9D /* stop1.png in Resources */,
			);
			runOnlyForDeploymentPostprocessing = 0;
		};
/* End PBXResourcesBuildPhase section */

/* Begin PBXSourcesBuildPhase section */
		BE7B5B5F17A278BD00BF9C1E /* Sources */ = {
			isa = PBXSourcesBuildPhase;
			buildActionMask = 2147483647;
			files = (
				BE7B5B7317A278BD00BF9C1E /* main.m in Sources */,
				BE7B5B7717A278BD00BF9C1E /* AppDelegate.m in Sources */,
				BE76D2F817A5561E00DBA827 /* NavigationBarLayout.m in Sources */,
				BE19607217A8E4E600073ADF /* TextToImage.m in Sources */,
				BE589A4217AA412400E88166 /* SoundWaveView.m in Sources */,
				BE5A050517ACAD9D00B7CD4A /* GradientColorImage.m in Sources */,
				9AA79F2117AF3A0400298409 /* viewController.m in Sources */,
				9AA79F2417AF403600298409 /* UIViewAnimation.m in Sources */,
				9AA79F2817AF896200298409 /* ASGoogleVoiceRecognizer.mm in Sources */,
				9AA79F2E17AF89DB00298409 /* RecordInfo.m in Sources */,
				9AA79F3217AF8AC200298409 /* WavHeaderFactory.cpp in Sources */,
				9AA79F3517AF8B3600298409 /* CalculateSoundStrength.m in Sources */,
				9AA79F4E17AF8BBB00298409 /* SBJsonParser.m in Sources */,
				9AA79F4F17AF8BBB00298409 /* SBJsonStreamParser.m in Sources */,
				9AA79F5017AF8BBB00298409 /* SBJsonStreamParserAccumulator.m in Sources */,
				9AA79F5117AF8BBB00298409 /* SBJsonStreamParserAdapter.m in Sources */,
				9AA79F5217AF8BBB00298409 /* SBJsonStreamParserState.m in Sources */,
				9AA79F5317AF8BBB00298409 /* SBJsonStreamWriter.m in Sources */,
				9AA79F5417AF8BBB00298409 /* SBJsonStreamWriterAccumulator.m in Sources */,
				9AA79F5517AF8BBB00298409 /* SBJsonStreamWriterState.m in Sources */,
				9AA79F5617AF8BBB00298409 /* SBJsonTokeniser.m in Sources */,
				9AA79F5717AF8BBB00298409 /* SBJsonUTF8Stream.m in Sources */,
				9AA79F5817AF8BBB00298409 /* SBJsonWriter.m in Sources */,
				9AA79F5F17AF8C9500298409 /* NSObject+SBJson.m in Sources */,
				9A501AC617B0867C0063FF9D /* SwitchButtonTouchAction.m in Sources */,
				9A501AD617B095E70063FF9D /* LayoutMainController.m in Sources */,
				9A501ADA17B0E2370063FF9D /* TranslateRecognizeResult.m in Sources */,
				9A501ADE17B0F0380063FF9D /* DataProcessing.m in Sources */,
				9A501AE117B0F3270063FF9D /* CurrentDataViewController.m in Sources */,
				9A501AE417B120C60063FF9D /* EnglishViewController.m in Sources */,
				9A5E232917B1C8CB00B04C73 /* HistoryViewController.m in Sources */,
				9A5E232F17B24A0A00B04C73 /* TextViewScroll.m in Sources */,
				BE2FD5BC17B337400086AF47 /* ASRecordWav.m in Sources */,
			);
			runOnlyForDeploymentPostprocessing = 0;
		};
/* End PBXSourcesBuildPhase section */

/* Begin PBXVariantGroup section */
		BE7B5B6F17A278BD00BF9C1E /* InfoPlist.strings */ = {
			isa = PBXVariantGroup;
			children = (
				BE7B5B7017A278BD00BF9C1E /* en */,
			);
			name = InfoPlist.strings;
			sourceTree = "<group>";
		};
/* End PBXVariantGroup section */

/* Begin XCBuildConfiguration section */
		BE7B5B7E17A278BD00BF9C1E /* Debug */ = {
			isa = XCBuildConfiguration;
			buildSettings = {
				ALWAYS_SEARCH_USER_PATHS = NO;
				CLANG_CXX_LANGUAGE_STANDARD = "gnu++0x";
				CLANG_CXX_LIBRARY = "libc++";
				CLANG_ENABLE_OBJC_ARC = YES;
				CLANG_WARN_CONSTANT_CONVERSION = YES;
				CLANG_WARN_EMPTY_BODY = YES;
				CLANG_WARN_ENUM_CONVERSION = YES;
				CLANG_WARN_INT_CONVERSION = YES;
				CLANG_WARN__DUPLICATE_METHOD_MATCH = YES;
				"CODE_SIGN_IDENTITY[sdk=iphoneos*]" = "iPhone Developer";
				COPY_PHASE_STRIP = NO;
				GCC_C_LANGUAGE_STANDARD = gnu99;
				GCC_DYNAMIC_NO_PIC = NO;
				GCC_OPTIMIZATION_LEVEL = 0;
				GCC_PREPROCESSOR_DEFINITIONS = (
					"DEBUG=1",
					"$(inherited)",
				);
				GCC_SYMBOLS_PRIVATE_EXTERN = NO;
				GCC_WARN_ABOUT_RETURN_TYPE = YES;
				GCC_WARN_UNINITIALIZED_AUTOS = YES;
				GCC_WARN_UNUSED_VARIABLE = YES;
				IPHONEOS_DEPLOYMENT_TARGET = 6.1;
				ONLY_ACTIVE_ARCH = YES;
				SDKROOT = iphoneos;
				TARGETED_DEVICE_FAMILY = "1,2";
			};
			name = Debug;
		};
		BE7B5B7F17A278BD00BF9C1E /* Release */ = {
			isa = XCBuildConfiguration;
			buildSettings = {
				ALWAYS_SEARCH_USER_PATHS = NO;
				CLANG_CXX_LANGUAGE_STANDARD = "gnu++0x";
				CLANG_CXX_LIBRARY = "libc++";
				CLANG_ENABLE_OBJC_ARC = YES;
				CLANG_WARN_CONSTANT_CONVERSION = YES;
				CLANG_WARN_EMPTY_BODY = YES;
				CLANG_WARN_ENUM_CONVERSION = YES;
				CLANG_WARN_INT_CONVERSION = YES;
				CLANG_WARN__DUPLICATE_METHOD_MATCH = YES;
				"CODE_SIGN_IDENTITY[sdk=iphoneos*]" = "iPhone Developer";
				COPY_PHASE_STRIP = YES;
				GCC_C_LANGUAGE_STANDARD = gnu99;
				GCC_WARN_ABOUT_RETURN_TYPE = YES;
				GCC_WARN_UNINITIALIZED_AUTOS = YES;
				GCC_WARN_UNUSED_VARIABLE = YES;
				IPHONEOS_DEPLOYMENT_TARGET = 6.1;
				OTHER_CFLAGS = "-DNS_BLOCK_ASSERTIONS=1";
				SDKROOT = iphoneos;
				TARGETED_DEVICE_FAMILY = "1,2";
				VALIDATE_PRODUCT = YES;
			};
			name = Release;
		};
		BE7B5B8117A278BD00BF9C1E /* Debug */ = {
			isa = XCBuildConfiguration;
			buildSettings = {
				CODE_SIGN_IDENTITY = "iPhone Developer";
				"CODE_SIGN_IDENTITY[sdk=iphoneos*]" = "iPhone Developer";
				GCC_PRECOMPILE_PREFIX_HEADER = YES;
				GCC_PREFIX_HEADER = "SpeechRecognition/SpeechRecognition-Prefix.pch";
				INFOPLIST_FILE = "SpeechRecognition/SpeechRecognition-Info.plist";
				PRODUCT_NAME = "$(TARGET_NAME)";
				PROVISIONING_PROFILE = "";
				"PROVISIONING_PROFILE[sdk=iphoneos*]" = "";
				TARGETED_DEVICE_FAMILY = "1,2";
				WRAPPER_EXTENSION = app;
			};
			name = Debug;
		};
		BE7B5B8217A278BD00BF9C1E /* Release */ = {
			isa = XCBuildConfiguration;
			buildSettings = {
				CODE_SIGN_IDENTITY = "iPhone Developer";
				"CODE_SIGN_IDENTITY[sdk=iphoneos*]" = "iPhone Developer";
				GCC_PRECOMPILE_PREFIX_HEADER = YES;
				GCC_PREFIX_HEADER = "SpeechRecognition/SpeechRecognition-Prefix.pch";
				INFOPLIST_FILE = "SpeechRecognition/SpeechRecognition-Info.plist";
				PRODUCT_NAME = "$(TARGET_NAME)";
				PROVISIONING_PROFILE = "";
				TARGETED_DEVICE_FAMILY = "1,2";
				WRAPPER_EXTENSION = app;
			};
			name = Release;
		};
/* End XCBuildConfiguration section */

/* Begin XCConfigurationList section */
		BE7B5B5E17A278BD00BF9C1E /* Build configuration list for PBXProject "SpeechRecognition" */ = {
			isa = XCConfigurationList;
			buildConfigurations = (
				BE7B5B7E17A278BD00BF9C1E /* Debug */,
				BE7B5B7F17A278BD00BF9C1E /* Release */,
			);
			defaultConfigurationIsVisible = 0;
			defaultConfigurationName = Release;
		};
		BE7B5B8017A278BD00BF9C1E /* Build configuration list for PBXNativeTarget "SpeechRecognition" */ = {
			isa = XCConfigurationList;
			buildConfigurations = (
				BE7B5B8117A278BD00BF9C1E /* Debug */,
				BE7B5B8217A278BD00BF9C1E /* Release */,
			);
			defaultConfigurationIsVisible = 0;
			defaultConfigurationName = Release;
		};
/* End XCConfigurationList section */
	};
	rootObject = BE7B5B5B17A278BD00BF9C1E /* Project object */;
}
